
Microsoft Visual Studio Solution File, Format Version 12.00
# Visual Studio 15
VisualStudioVersion = 15.0.26730.15
MinimumVisualStudioVersion = 10.0.40219.1
Project("{9A19103F-16F7-4668-BE54-9A1E7A4F7556}") = "MailServer", "MailServer\MailServer.csproj", "{21CC10FE-7AFA-41E0-A433-F03040D1B455}"
EndProject
Project("{FAE04EC0-301F-11D3-BF4B-00C04F79EFBC}") = "MailServerTest", "MailServerTest\MailServerTest.csproj", "{7D943789-F2CB-448B-BA07-B66EF6BD797B}"
EndProject
Global
	GlobalSection(SolutionConfigurationPlatforms) = preSolution
		Debug|Any CPU = Debug|Any CPU
		Release|Any CPU = Release|Any CPU
	EndGlobalSection
	GlobalSection(ProjectConfigurationPlatforms) = postSolution
		{21CC10FE-7AFA-41E0-A433-F03040D1B455}.Debug|Any CPU.ActiveCfg = Debug|Any CPU
		{21CC10FE-7AFA-41E0-A433-F03040D1B455}.Debug|Any CPU.Build.0 = Debug|Any CPU
		{21CC10FE-7AFA-41E0-A433-F03040D1B455}.Release|Any CPU.ActiveCfg = Release|Any CPU
		{21CC10FE-7AFA-41E0-A433-F03040D1B455}.Release|Any CPU.Build.0 = Release|Any CPU
		{7D943789-F2CB-448B-BA07-B66EF6BD797B}.Debug|Any CPU.ActiveCfg = Debug|Any CPU
		{7D943789-F2CB-448B-BA07-B66EF6BD797B}.Debug|Any CPU.Build.0 = Debug|Any CPU
		{7D943789-F2CB-448B-BA07-B66EF6BD797B}.Release|Any CPU.ActiveCfg = Release|Any CPU
		{7D943789-F2CB-448B-BA07-B66EF6BD797B}.Release|Any CPU.Build.0 = Release|Any CPU
	EndGlobalSection
	GlobalSection(SolutionProperties) = preSolution
		HideSolutionNode = FALSE
	EndGlobalSection
	GlobalSection(ExtensibilityGlobals) = postSolution
		SolutionGuid = {0A9BD9E4-CBBB-4792-8B2C-0C457FAAE2FA}
	EndGlobalSection
EndGlobal
